%{
  "basho_stats": {:git, "https://github.com/basho/basho_stats.git", "de9bf015a86028149ee82682160f3c8d5e98c755", [branch: "develop"]},
  "bear": {:hex, :bear, "1.0.0", "430419c1126b477686cde843e88ba0f2c7dc5cdf0881c677500074f704339a99", [:rebar3], [], "hexpm", "157b67901adf84ff0da6eae035ca1292a0ac18aa55148154d8c582b2c68959db"},
  "clique": {:git, "https://github.com/fkrause98/clique", "d4f339414bae406ee9676dfb4c838780910f9afe", [branch: "develop"]},
  "cluster_info": {:git, "https://github.com/basho/cluster_info.git", "013f7046fbab76e9eb06bdf27f5b62562b54f280", [branch: "develop"]},
  "cuttlefish": {:git, "https://github.com/fkrause98/cuttlefish", "161a671a7238f1203b477c2c3be65226c2f5bb89", [branch: "master"]},
  "eleveldb": {:git, "https://github.com/basho/eleveldb.git", "11987bf4d3b8483dd4a5a7b5ad2aa1714b91cb58", [branch: "develop"]},
  "exometer_core": {:git, "https://github.com/Feuerlabs/exometer_core", "66c287e24ceff337f622e3f58e0b4a3ab9ced0f0", [tag: "1.6.1"]},
  "folsom": {:hex, :folsom, "1.0.0", "50ecc998d2149939f1d5e0aa3e32788f8ed16a58e390d81b5c0be4cc4ef25589", [:rebar3], [{:bear, "1.0.0", [hex: :bear, repo: "hexpm", optional: false]}], "hexpm", "dd6ab97278e94f9e4cfc43e188224a7b8c7eaec0dd2e935007005177f3eebb0e"},
  "getopt": {:hex, :getopt, "1.0.2", "33d9b44289fe7ad08627ddfe1d798e30b2da0033b51da1b3a2d64e72cd581d02", [:rebar3], [], "hexpm", "a0029aea4322fb82a61f6876a6d9c66dc9878b6cb61faa13df3187384fd4ea26"},
  "global_flags": {:hex, :global_flags, "1.0.0", "ee6b864979a1fb38d1fbc67838565644baf632212bce864adca21042df036433", [:rebar3], [], "hexpm", "85d944cecd0f8f96b20ce70b5b16ebccedfcd25e744376b131e89ce61ba93176"},
  "hut": {:hex, :hut, "1.3.0", "71f2f054e657c03f959cf1acc43f436ea87580696528ca2a55c8afb1b06c85e7", [:"erlang.mk", :rebar, :rebar3], [], "hexpm", "7e15d28555d8a1f2b5a3a931ec120af0753e4853a4c66053db354f35bf9ab563"},
  "local_cluster": {:hex, :local_cluster, "1.2.1", "8eab3b8a387680f0872eacfb1a8bd5a91cb1d4d61256eec6a655b07ac7030c73", [:mix], [{:global_flags, "~> 1.0", [hex: :global_flags, repo: "hexpm", optional: false]}], "hexpm", "aae80c9bc92c911cb0be085fdeea2a9f5b88f81b6bec2ff1fec244bb0acc232c"},
  "parse_trans": {:hex, :parse_trans, "3.4.1", "6e6aa8167cb44cc8f39441d05193be6e6f4e7c2946cb2759f015f8c56b76e5ff", [:rebar3], [], "hexpm", "620a406ce75dada827b82e453c19cf06776be266f5a67cff34e1ef2cbb60e49a"},
  "pbkdf2": {:git, "https://github.com/basho/erlang-pbkdf2.git", "07d77f327afc97acda1a9fcc1f8a8843dfefa652", [branch: "develop"]},
  "poolboy": {:git, "https://github.com/basho/poolboy.git", "032ea3186fda78b4913deb8932af318ebb9b1258", [tag: "riak_kv-3.0.0"]},
  "riak_core": {:git, "https://github.com/fkrause98/riak_core", "dc29a6227f924d0f8ab3089777b871e6bd574994", [ref: "develop"]},
  "riak_ensemble": {:git, "https://github.com/basho/riak_ensemble", "0c256be25822959baaaf75dadb4948bd67c391dd", [branch: "develop"]},
  "riak_sysmon": {:git, "https://github.com/basho/riak_sysmon.git", "cca4f1af8980307ebd01dced23510d93bc6d7c3f", [branch: "develop"]},
  "setup": {:hex, :setup, "2.1.0", "05f69185a5eb71474c9bc6ba892565651ec7507791f85632b7b914dbfe130510", [:rebar3], [], "hexpm", "efd072578f0cf85bea96caaffc7adb0992398272522660a136e10567377071c5"},
}
