%{
  "basho_stats": {:git, "https://github.com/basho/basho_stats.git", "de9bf015a86028149ee82682160f3c8d5e98c755", [branch: "develop"]},
  "bear": {:hex, :bear, "1.0.0", "430419c1126b477686cde843e88ba0f2c7dc5cdf0881c677500074f704339a99", [:rebar3], [], "hexpm", "157b67901adf84ff0da6eae035ca1292a0ac18aa55148154d8c582b2c68959db"},
  "clique": {:git, "https://github.com/fkrause98/clique", "d4f339414bae406ee9676dfb4c838780910f9afe", [branch: "develop"]},
  "cluster_info": {:git, "https://github.com/basho/cluster_info.git", "013f7046fbab76e9eb06bdf27f5b62562b54f280", [branch: "develop"]},
  "cuttlefish": {:git, "https://github.com/fkrause98/cuttlefish", "161a671a7238f1203b477c2c3be65226c2f5bb89", [branch: "master"]},
  "earmark_parser": {:hex, :earmark_parser, "1.4.26", "f4291134583f373c7d8755566122908eb9662df4c4b63caa66a0eabe06569b0a", [:mix], [], "hexpm", "48d460899f8a0c52c5470676611c01f64f3337bad0b26ddab43648428d94aabc"},
  "eleveldb": {:git, "https://github.com/basho/eleveldb.git", "11987bf4d3b8483dd4a5a7b5ad2aa1714b91cb58", [branch: "develop"]},
  "ex_doc": {:hex, :ex_doc, "0.28.4", "001a0ea6beac2f810f1abc3dbf4b123e9593eaa5f00dd13ded024eae7c523298", [:mix], [{:earmark_parser, "~> 1.4.19", [hex: :earmark_parser, repo: "hexpm", optional: false]}, {:makeup_elixir, "~> 0.14", [hex: :makeup_elixir, repo: "hexpm", optional: false]}, {:makeup_erlang, "~> 0.1", [hex: :makeup_erlang, repo: "hexpm", optional: false]}], "hexpm", "bf85d003dd34911d89c8ddb8bda1a958af3471a274a4c2150a9c01c78ac3f8ed"},
  "exometer_core": {:git, "https://github.com/fkrause98/exometer_core", "bb3acdc9899215faadf2e6fb5976f9035ec65cd6", [branch: "master"]},
  "folsom": {:hex, :folsom, "1.0.0", "50ecc998d2149939f1d5e0aa3e32788f8ed16a58e390d81b5c0be4cc4ef25589", [:rebar3], [{:bear, "1.0.0", [hex: :bear, repo: "hexpm", optional: false]}], "hexpm", "dd6ab97278e94f9e4cfc43e188224a7b8c7eaec0dd2e935007005177f3eebb0e"},
  "getopt": {:hex, :getopt, "1.0.2", "33d9b44289fe7ad08627ddfe1d798e30b2da0033b51da1b3a2d64e72cd581d02", [:rebar3], [], "hexpm", "a0029aea4322fb82a61f6876a6d9c66dc9878b6cb61faa13df3187384fd4ea26"},
  "global_flags": {:hex, :global_flags, "1.0.0", "ee6b864979a1fb38d1fbc67838565644baf632212bce864adca21042df036433", [:rebar3], [], "hexpm", "85d944cecd0f8f96b20ce70b5b16ebccedfcd25e744376b131e89ce61ba93176"},
  "hut": {:git, "https://github.com/tolbrino/hut", "cd3e5b05c1efe6cd0351c435fbca1343702f1564", [branch: "master"]},
  "local_cluster": {:hex, :local_cluster, "1.2.1", "8eab3b8a387680f0872eacfb1a8bd5a91cb1d4d61256eec6a655b07ac7030c73", [:mix], [{:global_flags, "~> 1.0", [hex: :global_flags, repo: "hexpm", optional: false]}], "hexpm", "aae80c9bc92c911cb0be085fdeea2a9f5b88f81b6bec2ff1fec244bb0acc232c"},
  "makeup": {:hex, :makeup, "1.1.0", "6b67c8bc2882a6b6a445859952a602afc1a41c2e08379ca057c0f525366fc3ca", [:mix], [{:nimble_parsec, "~> 1.2.2 or ~> 1.3", [hex: :nimble_parsec, repo: "hexpm", optional: false]}], "hexpm", "0a45ed501f4a8897f580eabf99a2e5234ea3e75a4373c8a52824f6e873be57a6"},
  "makeup_elixir": {:hex, :makeup_elixir, "0.16.0", "f8c570a0d33f8039513fbccaf7108c5d750f47d8defd44088371191b76492b0b", [:mix], [{:makeup, "~> 1.0", [hex: :makeup, repo: "hexpm", optional: false]}, {:nimble_parsec, "~> 1.2.3", [hex: :nimble_parsec, repo: "hexpm", optional: false]}], "hexpm", "28b2cbdc13960a46ae9a8858c4bebdec3c9a6d7b4b9e7f4ed1502f8159f338e7"},
  "makeup_erlang": {:hex, :makeup_erlang, "0.1.1", "3fcb7f09eb9d98dc4d208f49cc955a34218fc41ff6b84df7c75b3e6e533cc65f", [:mix], [{:makeup, "~> 1.0", [hex: :makeup, repo: "hexpm", optional: false]}], "hexpm", "174d0809e98a4ef0b3309256cbf97101c6ec01c4ab0b23e926a9e17df2077cbb"},
  "nimble_parsec": {:hex, :nimble_parsec, "1.2.3", "244836e6e3f1200c7f30cb56733fd808744eca61fd182f731eac4af635cc6d0b", [:mix], [], "hexpm", "c8d789e39b9131acf7b99291e93dae60ab48ef14a7ee9d58c6964f59efb570b0"},
  "parse_trans": {:git, "https://github.com/uwiger/parse_trans", "d443908e0a8e3842c4763cefd4b37457b892c121", [branch: "master"]},
  "pbkdf2": {:git, "https://github.com/basho/erlang-pbkdf2.git", "07d77f327afc97acda1a9fcc1f8a8843dfefa652", [branch: "develop"]},
  "poolboy": {:git, "https://github.com/basho/poolboy.git", "032ea3186fda78b4913deb8932af318ebb9b1258", [tag: "riak_kv-3.0.0"]},
  "riak_core": {:git, "https://github.com/fkrause98/riak_core", "b56593a8f0e9f4caf5fdcaa172b983f7307fe07e", [ref: "develop"]},
  "riak_ensemble": {:git, "https://github.com/basho/riak_ensemble", "0c256be25822959baaaf75dadb4948bd67c391dd", [branch: "develop"]},
  "riak_sysmon": {:git, "https://github.com/basho/riak_sysmon.git", "cca4f1af8980307ebd01dced23510d93bc6d7c3f", [branch: "develop"]},
  "setup": {:hex, :setup, "2.1.0", "05f69185a5eb71474c9bc6ba892565651ec7507791f85632b7b914dbfe130510", [:rebar3], [], "hexpm", "efd072578f0cf85bea96caaffc7adb0992398272522660a136e10567377071c5"},
}
